
Microsoft Visual Studio Solution File, Format Version 12.00
# Visual Studio 2017
Project("{FAE04EC0-301F-11D3-BF4B-00C04F79EFBC}") = "SpaceshipRL", "SpaceshipRL.csproj", "{6BDFB29D-8044-B595-8B97-416B3C2D1A40}"
EndProject
Project("{FAE04EC0-301F-11D3-BF4B-00C04F79EFBC}") = "SpaceshipRL.Editor", "SpaceshipRL.Editor.csproj", "{47297E73-3A03-EC3E-5575-506BA4E4413E}"
EndProject
Global
	GlobalSection(SolutionConfigurationPlatforms) = preSolution
		Debug|Any CPU = Debug|Any CPU
		Release|Any CPU = Release|Any CPU
	EndGlobalSection
	GlobalSection(ProjectConfigurationPlatforms) = postSolution
		{6BDFB29D-8044-B595-8B97-416B3C2D1A40}.Debug|Any CPU.ActiveCfg = Debug|Any CPU
		{6BDFB29D-8044-B595-8B97-416B3C2D1A40}.Debug|Any CPU.Build.0 = Debug|Any CPU
		{6BDFB29D-8044-B595-8B97-416B3C2D1A40}.Release|Any CPU.ActiveCfg = Release|Any CPU
		{6BDFB29D-8044-B595-8B97-416B3C2D1A40}.Release|Any CPU.Build.0 = Release|Any CPU
		{47297E73-3A03-EC3E-5575-506BA4E4413E}.Debug|Any CPU.ActiveCfg = Debug|Any CPU
		{47297E73-3A03-EC3E-5575-506BA4E4413E}.Debug|Any CPU.Build.0 = Debug|Any CPU
		{47297E73-3A03-EC3E-5575-506BA4E4413E}.Release|Any CPU.ActiveCfg = Release|Any CPU
		{47297E73-3A03-EC3E-5575-506BA4E4413E}.Release|Any CPU.Build.0 = Release|Any CPU
	EndGlobalSection
	GlobalSection(SolutionProperties) = preSolution
		HideSolutionNode = FALSE
	EndGlobalSection
EndGlobal
